
Microsoft Visual Studio Solution File, Format Version 12.00
# Visual Studio Version 17
VisualStudioVersion = 17.8.34330.188
MinimumVisualStudioVersion = 10.0.40219.1
Project("{8BC9CEB8-8B4A-11D0-8D11-00A0C91BC942}") = "Functions", "Functions\Functions.vcxproj", "{57AB6395-5974-4A29-83C8-D0E677EF7E5D}"
EndProject
Project("{8BC9CEB8-8B4A-11D0-8D11-00A0C91BC942}") = "Arrays", "Arrays\Arrays.vcxproj", "{8DA35CC0-2D3F-4DC0-849E-69A4B24907B0}"
EndProject
Project("{8BC9CEB8-8B4A-11D0-8D11-00A0C91BC942}") = "Home work 18.03.24", "Home work 18.03.24\Home work 18.03.24.vcxproj", "{3D899F82-94BD-4FEE-9D01-34520019EA3B}"
EndProject
Project("{8BC9CEB8-8B4A-11D0-8D11-00A0C91BC942}") = "FunctionOverLoading", "FunctionOverLoading\FunctionOverLoading.vcxproj", "{7331016B-EBD7-46D2-B575-DBBF21C93979}"
EndProject
Global
	GlobalSection(SolutionConfigurationPlatforms) = preSolution
		Debug|x64 = Debug|x64
		Debug|x86 = Debug|x86
		Release|x64 = Release|x64
		Release|x86 = Release|x86
	EndGlobalSection
	GlobalSection(ProjectConfigurationPlatforms) = postSolution
		{57AB6395-5974-4A29-83C8-D0E677EF7E5D}.Debug|x64.ActiveCfg = Debug|x64
		{57AB6395-5974-4A29-83C8-D0E677EF7E5D}.Debug|x64.Build.0 = Debug|x64
		{57AB6395-5974-4A29-83C8-D0E677EF7E5D}.Debug|x86.ActiveCfg = Debug|Win32
		{57AB6395-5974-4A29-83C8-D0E677EF7E5D}.Debug|x86.Build.0 = Debug|Win32
		{57AB6395-5974-4A29-83C8-D0E677EF7E5D}.Release|x64.ActiveCfg = Release|x64
		{57AB6395-5974-4A29-83C8-D0E677EF7E5D}.Release|x64.Build.0 = Release|x64
		{57AB6395-5974-4A29-83C8-D0E677EF7E5D}.Release|x86.ActiveCfg = Release|Win32
		{57AB6395-5974-4A29-83C8-D0E677EF7E5D}.Release|x86.Build.0 = Release|Win32
		{8DA35CC0-2D3F-4DC0-849E-69A4B24907B0}.Debug|x64.ActiveCfg = Debug|x64
		{8DA35CC0-2D3F-4DC0-849E-69A4B24907B0}.Debug|x64.Build.0 = Debug|x64
		{8DA35CC0-2D3F-4DC0-849E-69A4B24907B0}.Debug|x86.ActiveCfg = Debug|Win32
		{8DA35CC0-2D3F-4DC0-849E-69A4B24907B0}.Debug|x86.Build.0 = Debug|Win32
		{8DA35CC0-2D3F-4DC0-849E-69A4B24907B0}.Release|x64.ActiveCfg = Release|x64
		{8DA35CC0-2D3F-4DC0-849E-69A4B24907B0}.Release|x64.Build.0 = Release|x64
		{8DA35CC0-2D3F-4DC0-849E-69A4B24907B0}.Release|x86.ActiveCfg = Release|Win32
		{8DA35CC0-2D3F-4DC0-849E-69A4B24907B0}.Release|x86.Build.0 = Release|Win32
		{3D899F82-94BD-4FEE-9D01-34520019EA3B}.Debug|x64.ActiveCfg = Debug|x64
		{3D899F82-94BD-4FEE-9D01-34520019EA3B}.Debug|x64.Build.0 = Debug|x64
		{3D899F82-94BD-4FEE-9D01-34520019EA3B}.Debug|x86.ActiveCfg = Debug|Win32
		{3D899F82-94BD-4FEE-9D01-34520019EA3B}.Debug|x86.Build.0 = Debug|Win32
		{3D899F82-94BD-4FEE-9D01-34520019EA3B}.Release|x64.ActiveCfg = Release|x64
		{3D899F82-94BD-4FEE-9D01-34520019EA3B}.Release|x64.Build.0 = Release|x64
		{3D899F82-94BD-4FEE-9D01-34520019EA3B}.Release|x86.ActiveCfg = Release|Win32
		{3D899F82-94BD-4FEE-9D01-34520019EA3B}.Release|x86.Build.0 = Release|Win32
		{7331016B-EBD7-46D2-B575-DBBF21C93979}.Debug|x64.ActiveCfg = Debug|x64
		{7331016B-EBD7-46D2-B575-DBBF21C93979}.Debug|x64.Build.0 = Debug|x64
		{7331016B-EBD7-46D2-B575-DBBF21C93979}.Debug|x86.ActiveCfg = Debug|Win32
		{7331016B-EBD7-46D2-B575-DBBF21C93979}.Debug|x86.Build.0 = Debug|Win32
		{7331016B-EBD7-46D2-B575-DBBF21C93979}.Release|x64.ActiveCfg = Release|x64
		{7331016B-EBD7-46D2-B575-DBBF21C93979}.Release|x64.Build.0 = Release|x64
		{7331016B-EBD7-46D2-B575-DBBF21C93979}.Release|x86.ActiveCfg = Release|Win32
		{7331016B-EBD7-46D2-B575-DBBF21C93979}.Release|x86.Build.0 = Release|Win32
	EndGlobalSection
	GlobalSection(SolutionProperties) = preSolution
		HideSolutionNode = FALSE
	EndGlobalSection
	GlobalSection(ExtensibilityGlobals) = postSolution
		SolutionGuid = {D917C0DE-E08C-43EA-B20D-37C1593E3657}
	EndGlobalSection
EndGlobal
